
Microsoft Visual Studio Solution File, Format Version 12.00
# Visual Studio 2012
Project("{FAE04EC0-301F-11D3-BF4B-00C04F79EFBC}") = "AbfallkalenderBisamberg2011WP7", "AbfallkalenderBisamberg2011WP7\AbfallkalenderBisamberg2011WP7.csproj", "{C5B8580E-EB80-4766-B242-2932B5754C74}"
EndProject
Global
	GlobalSection(SolutionConfigurationPlatforms) = preSolution
		Debug|Any CPU = Debug|Any CPU
		Release|Any CPU = Release|Any CPU
	EndGlobalSection
	GlobalSection(ProjectConfigurationPlatforms) = postSolution
		{C5B8580E-EB80-4766-B242-2932B5754C74}.Debug|Any CPU.ActiveCfg = Debug|Any CPU
		{C5B8580E-EB80-4766-B242-2932B5754C74}.Debug|Any CPU.Build.0 = Debug|Any CPU
		{C5B8580E-EB80-4766-B242-2932B5754C74}.Debug|Any CPU.Deploy.0 = Debug|Any CPU
		{C5B8580E-EB80-4766-B242-2932B5754C74}.Release|Any CPU.ActiveCfg = Release|Any CPU
		{C5B8580E-EB80-4766-B242-2932B5754C74}.Release|Any CPU.Build.0 = Release|Any CPU
		{C5B8580E-EB80-4766-B242-2932B5754C74}.Release|Any CPU.Deploy.0 = Release|Any CPU
	EndGlobalSection
	GlobalSection(SolutionProperties) = preSolution
		HideSolutionNode = FALSE
	EndGlobalSection
EndGlobal
